<?xml version="1.0" encoding="utf-8"?>
<Project ToolsVersion="4.0" xmlns="http://schemas.microsoft.com/developer/msbuild/2003">
  <ItemGroup>
    <Filter Include="Исходные файлы">
      <UniqueIdentifier>{4FC737F1-C7A5-4376-A066-2A32D752A2FF}</UniqueIdentifier>
      <Extensions>cpp;c;cc;cxx;c++;cppm;ixx;def;odl;idl;hpj;bat;asm;asmx</Extensions>
    </Filter>
    <Filter Include="Файлы заголовков">
      <UniqueIdentifier>{93995380-89BD-4b04-88EB-625FBE52EBFB}</UniqueIdentifier>
      <Extensions>h;hh;hpp;hxx;h++;hm;inl;inc;ipp;xsd</Extensions>
    </Filter>
    <Filter Include="Файлы заголовков\syntax">
      <UniqueIdentifier>{5735bee0-b699-4ef3-b86d-884570aad392}</UniqueIdentifier>
    </Filter>
  </ItemGroup>
  <ItemGroup>
    <ClCompile Include="src\parsing\lexical\LexicalAnalyzer.cpp">
      <Filter>Исходные файлы</Filter>
    </ClCompile>
    <ClCompile Include="src\parsing\analysis\Diagnostic.cpp">
      <Filter>Исходные файлы</Filter>
    </ClCompile>
    <ClCompile Include="include\shard\syntax\nodes\Directives\UsingDirectiveSyntax.h">
      <Filter>Исходные файлы</Filter>
    </ClCompile>
    <ClCompile Include="src\parsing\analysis\DiagnosticsContext.cpp">
      <Filter>Исходные файлы</Filter>
    </ClCompile>
    <ClCompile Include="include\shard\syntax\nodes\ParametersListSyntax.h">
      <Filter>Исходные файлы</Filter>
    </ClCompile>
    <ClCompile Include="src\parsing\lexical\reading\FileReader.cpp">
      <Filter>Исходные файлы</Filter>
    </ClCompile>
    <ClCompile Include="src\parsing\lexical\LexicalBuffer.cpp">
      <Filter>Исходные файлы</Filter>
    </ClCompile>
    <ClCompile Include="src\parsing\lexical\reading\StringStreamReader.cpp">
      <Filter>Исходные файлы</Filter>
    </ClCompile>
    <ClCompile Include="src\syntax\SyntaxFacts.cpp">
      <Filter>Исходные файлы</Filter>
    </ClCompile>
    <ClCompile Include="src\runtime\InboundVariablesContext.cpp">
      <Filter>Исходные файлы</Filter>
    </ClCompile>
    <ClCompile Include="include\shard\parsing\lexical\LexicalBuffer.h">
      <Filter>Файлы заголовков</Filter>
    </ClCompile>
    <ClCompile Include="src\runtime\GarbageCollector.cpp">
      <Filter>Исходные файлы</Filter>
    </ClCompile>
    <ClCompile Include="src\parsing\SemanticAnalyzer.cpp">
      <Filter>Исходные файлы</Filter>
    </ClCompile>
    <ClCompile Include="src\runtime\ObjectInstance.cpp">
      <Filter>Исходные файлы</Filter>
    </ClCompile>
    <ClCompile Include="src\runtime\ConsoleHelper.cpp">
      <Filter>Исходные файлы</Filter>
    </ClCompile>
    <ClCompile Include="src\parsing\semantic\SemanticScope.cpp">
      <Filter>Исходные файлы</Filter>
    </ClCompile>
    <ClCompile Include="src\parsing\semantic\SemanticModel.cpp">
      <Filter>Исходные файлы</Filter>
    </ClCompile>
    <ClCompile Include="src\parsing\semantic\visiting\DeclarationCollector.cpp">
      <Filter>Исходные файлы</Filter>
    </ClCompile>
    <ClCompile Include="src\SyntaxVisitor.cpp">
      <Filter>Исходные файлы</Filter>
    </ClCompile>
    <ClCompile Include="src\syntax\SyntaxHelpers.cpp">
      <Filter>Исходные файлы</Filter>
    </ClCompile>
    <ClCompile Include="src\parsing\LayoutGenerator.cpp">
      <Filter>Исходные файлы</Filter>
    </ClCompile>
    <ClCompile Include="src\syntax\symbols\TypeSymbol.cpp">
      <Filter>Исходные файлы</Filter>
    </ClCompile>
    <ClCompile Include="src\parsing\semantic\visiting\TypeBinder.cpp">
      <Filter>Исходные файлы</Filter>
    </ClCompile>
    <ClCompile Include="src\parsing\semantic\SymbolTable.cpp">
      <Filter>Исходные файлы</Filter>
    </ClCompile>
    <ClCompile Include="src\parsing\semantic\visiting\ExpressionBinder.cpp">
      <Filter>Исходные файлы</Filter>
    </ClCompile>
    <ClCompile Include="src\runtime\framework\FrameworkLoader.cpp">
      <Filter>Исходные файлы</Filter>
    </ClCompile>
    <ClCompile Include="src\syntax\nodes\Types\ArrayTypeSyntax.cpp">
      <Filter>Исходные файлы</Filter>
    </ClCompile>
    <ClCompile Include="src\syntax\nodes\Types\GenericTypeSyntax.cpp">
      <Filter>Исходные файлы</Filter>
    </ClCompile>
    <ClCompile Include="src\syntax\nodes\Types\IdentifierNameTypeSyntax.cpp">
      <Filter>Исходные файлы</Filter>
    </ClCompile>
    <ClCompile Include="src\syntax\nodes\Types\NullableTypeSyntax.cpp">
      <Filter>Исходные файлы</Filter>
    </ClCompile>
    <ClCompile Include="src\syntax\nodes\Types\PredefinedTypeSyntax.cpp">
      <Filter>Исходные файлы</Filter>
    </ClCompile>
    <ClCompile Include="src\syntax\symbols\PropertySymbol.cpp">
      <Filter>Исходные файлы</Filter>
    </ClCompile>
    <ClCompile Include="src\syntax\SyntaxSymbol.cpp">
      <Filter>Исходные файлы</Filter>
    </ClCompile>
    <ClCompile Include="src\runtime\AbstractInterpreter.cpp">
      <Filter>Исходные файлы</Filter>
    </ClCompile>
    <ClCompile Include="src\runtime\PrimitiveMathModule.cpp">
      <Filter>Исходные файлы</Filter>
    </ClCompile>
    <ClCompile Include="src\parsing\semantic\visiting\ScopeVisitor.cpp">
      <Filter>Исходные файлы</Filter>
    </ClCompile>
    <ClCompile Include="src\syntax\symbols\ArrayTypeSymbol.cpp">
      <Filter>Исходные файлы</Filter>
    </ClCompile>
    <ClCompile Include="src\syntax\nodes\Directives\UsingDirectiveSyntax.cpp">
      <Filter>Исходные файлы</Filter>
    </ClCompile>
    <ClCompile Include="src\parsing\semantic\NamespaceTree.cpp">
      <Filter>Исходные файлы</Filter>
    </ClCompile>
    <ClCompile Include="src\syntax\symbols\GenericTypeSymbol.cpp">
      <Filter>Исходные файлы</Filter>
    </ClCompile>
    <ClCompile Include="src\syntax\nodes\Types\DelegateTypeSyntax.cpp">
      <Filter>Исходные файлы</Filter>
    </ClCompile>
    <ClCompile Include="src\parsing\analysis\DiagnosticSeverity.cpp">
      <Filter>Исходные файлы</Filter>
    </ClCompile>
    <ClCompile Include="src\syntax\SymbolFactory.cpp">
      <Filter>Исходные файлы</Filter>
    </ClCompile>
    <ClCompile Include="src\syntax\symbols\NamespaceSymbol.cpp">
      <Filter>Исходные файлы</Filter>
    </ClCompile>
    <ClCompile Include="src\ShardScriptVersion.cpp">
      <Filter>Исходные файлы</Filter>
    </ClCompile>
    <ClCompile Include="src\runtime\VirtualMachine.cpp">
      <Filter>Исходные файлы</Filter>
    </ClCompile>
    <ClCompile Include="src\parsing\SourceParser.cpp">
      <Filter>Исходные файлы</Filter>
    </ClCompile>
    <ClCompile Include="src\Vector.cpp">
      <Filter>Исходные файлы</Filter>
    </ClCompile>
  </ItemGroup>
  <ItemGroup>
    <ClInclude Include="include\shard\parsing\SyntaxTree.h">
      <Filter>Файлы заголовков</Filter>
    </ClInclude>
    <ClInclude Include="include\shard\syntax\nodes\TypeSyntax.h">
      <Filter>Файлы заголовков\syntax</Filter>
    </ClInclude>
    <ClInclude Include="include\shard\syntax\nodes\MemberDeclarations\MethodDeclarationSyntax.h">
      <Filter>Файлы заголовков\syntax</Filter>
    </ClInclude>
    <ClInclude Include="include\shard\syntax\SyntaxToken.h">
      <Filter>Файлы заголовков\syntax</Filter>
    </ClInclude>
    <ClInclude Include="include\shard\syntax\SyntaxNode.h">
      <Filter>Файлы заголовков\syntax</Filter>
    </ClInclude>
    <ClInclude Include="include\shard\syntax\TokenType.h">
      <Filter>Файлы заголовков\syntax</Filter>
    </ClInclude>
    <ClInclude Include="include\shard\syntax\nodes\BodyDeclarationSyntax.h">
      <Filter>Файлы заголовков\syntax</Filter>
    </ClInclude>
    <ClInclude Include="include\shard\syntax\nodes\StatementSyntax.h">
      <Filter>Файлы заголовков\syntax</Filter>
    </ClInclude>
    <ClInclude Include="include\shard\syntax\nodes\CompilationUnitSyntax.h">
      <Filter>Файлы заголовков</Filter>
    </ClInclude>
    <ClInclude Include="include\shard\syntax\nodes\TypeDeclarationSyntax.h">
      <Filter>Файлы заголовков</Filter>
    </ClInclude>
    <ClInclude Include="include\shard\syntax\nodes\MemberDeclarationSyntax.h">
      <Filter>Файлы заголовков</Filter>
    </ClInclude>
    <ClInclude Include="include\shard\parsing\analysis\Diagnostic.h">
      <Filter>Файлы заголовков</Filter>
    </ClInclude>
    <ClInclude Include="include\shard\parsing\analysis\TextLocation.h">
      <Filter>Файлы заголовков</Filter>
    </ClInclude>
    <ClInclude Include="include\shard\syntax\SyntaxKind.h">
      <Filter>Файлы заголовков</Filter>
    </ClInclude>
    <ClInclude Include="include\shard\parsing\lexical\LexicalAnalyzer.h">
      <Filter>Файлы заголовков</Filter>
    </ClInclude>
    <ClInclude Include="include\shard\parsing\analysis\DiagnosticSeverity.h">
      <Filter>Файлы заголовков</Filter>
    </ClInclude>
    <ClInclude Include="include\shard\syntax\nodes\ExpressionSyntax.h">
      <Filter>Файлы заголовков</Filter>
    </ClInclude>
    <ClInclude Include="include\shard\runtime\CallStackFrame.h">
      <Filter>Файлы заголовков</Filter>
    </ClInclude>
    <ClInclude Include="include\shard\parsing\analysis\DiagnosticsContext.h">
      <Filter>Файлы заголовков</Filter>
    </ClInclude>
    <ClInclude Include="include\shard\parsing\MemberDeclarationInfo.h">
      <Filter>Файлы заголовков</Filter>
    </ClInclude>
    <ClInclude Include="include\shard\syntax\nodes\ArgumentsListSyntax.h">
      <Filter>Файлы заголовков</Filter>
    </ClInclude>
    <ClInclude Include="include\shard\syntax\SyntaxFacts.h">
      <Filter>Файлы заголовков</Filter>
    </ClInclude>
    <ClInclude Include="include\shard\syntax\nodes\Statements\ReturnStatementSyntax.h">
      <Filter>Файлы заголовков</Filter>
    </ClInclude>
    <ClInclude Include="include\shard\syntax\nodes\StatementsBlockSyntax.h">
      <Filter>Файлы заголовков</Filter>
    </ClInclude>
    <ClInclude Include="include\shard\runtime\GarbageCollector.h">
      <Filter>Файлы заголовков</Filter>
    </ClInclude>
    <ClInclude Include="include\shard\runtime\InboundVariablesContext.h">
      <Filter>Файлы заголовков</Filter>
    </ClInclude>
    <ClInclude Include="include\shard\ShardScriptAPI.h">
      <Filter>Файлы заголовков</Filter>
    </ClInclude>
    <ClInclude Include="include\shard\parsing\lexical\reading\FileReader.h">
      <Filter>Файлы заголовков</Filter>
    </ClInclude>
    <ClInclude Include="include\shard\parsing\lexical\reading\StringStreamReader.h">
      <Filter>Файлы заголовков</Filter>
    </ClInclude>
    <ClInclude Include="include\shard\parsing\lexical\SourceProvider.h">
      <Filter>Файлы заголовков</Filter>
    </ClInclude>
    <ClInclude Include="include\shard\runtime\ObjectInstance.h">
      <Filter>Файлы заголовков</Filter>
    </ClInclude>
    <ClInclude Include="include\shard\syntax\nodes\MemberDeclarations\FieldDeclarationSyntax.h">
      <Filter>Файлы заголовков</Filter>
    </ClInclude>
    <ClInclude Include="include\shard\syntax\nodes\Statements\ExpressionStatementSyntax.h">
      <Filter>Файлы заголовков</Filter>
    </ClInclude>
    <ClInclude Include="include\shard\syntax\nodes\Statements\VariableStatementSyntax.h">
      <Filter>Файлы заголовков</Filter>
    </ClInclude>
    <ClInclude Include="include\shard\syntax\nodes\Statements\ConditionalClauseSyntax.h">
      <Filter>Файлы заголовков</Filter>
    </ClInclude>
    <ClInclude Include="include\shard\syntax\nodes\Expressions\LiteralExpressionSyntax.h">
      <Filter>Файлы заголовков</Filter>
    </ClInclude>
    <ClInclude Include="include\shard\syntax\nodes\Loops\ForStatementSyntax.h">
      <Filter>Файлы заголовков</Filter>
    </ClInclude>
    <ClInclude Include="include\shard\syntax\nodes\Loops\WhileStatementSyntax.h">
      <Filter>Файлы заголовков</Filter>
    </ClInclude>
    <ClInclude Include="include\shard\syntax\nodes\Loops\UntilStatementSyntax.h">
      <Filter>Файлы заголовков</Filter>
    </ClInclude>
    <ClInclude Include="include\shard\syntax\nodes\Expressions\UnaryExpressionSyntax.h">
      <Filter>Файлы заголовков</Filter>
    </ClInclude>
    <ClInclude Include="include\shard\syntax\nodes\MemberDeclarations\NamespaceDeclarationSyntax.h">
      <Filter>Файлы заголовков</Filter>
    </ClInclude>
    <ClInclude Include="include\shard\syntax\nodes\MemberDeclarations\ClassDeclarationSyntax.h">
      <Filter>Файлы заголовков</Filter>
    </ClInclude>
    <ClInclude Include="include\shard\syntax\nodes\Expressions\BinaryExpressionSyntax.h">
      <Filter>Файлы заголовков</Filter>
    </ClInclude>
    <ClInclude Include="include\shard\syntax\nodes\Expressions\LinkedExpressionSyntax.h">
      <Filter>Файлы заголовков</Filter>
    </ClInclude>
    <ClInclude Include="include\shard\syntax\nodes\Expressions\ObjectExpressionSyntax.h">
      <Filter>Файлы заголовков</Filter>
    </ClInclude>
    <ClInclude Include="include\shard\parsing\SemanticAnalyzer.h">
      <Filter>Файлы заголовков</Filter>
    </ClInclude>
    <ClInclude Include="include\shard\syntax\nodes\MemberDeclarations\StructDeclarationSyntax.h">
      <Filter>Файлы заголовков</Filter>
    </ClInclude>
    <ClInclude Include="include\shard\runtime\ConsoleHelper.h">
      <Filter>Файлы заголовков</Filter>
    </ClInclude>
    <ClInclude Include="include\shard\syntax\SyntaxSymbol.h">
      <Filter>Файлы заголовков</Filter>
    </ClInclude>
    <ClInclude Include="include\shard\parsing\semantic\SemanticScope.h">
      <Filter>Файлы заголовков</Filter>
    </ClInclude>
    <ClInclude Include="include\shard\parsing\semantic\SemanticModel.h">
      <Filter>Файлы заголовков</Filter>
    </ClInclude>
    <ClInclude Include="include\shard\syntax\symbols\NamespaceSymbol.h">
      <Filter>Файлы заголовков</Filter>
    </ClInclude>
    <ClInclude Include="include\shard\parsing\semantic\SymbolTable.h">
      <Filter>Файлы заголовков</Filter>
    </ClInclude>
    <ClInclude Include="include\shard\SyntaxVisitor.h">
      <Filter>Файлы заголовков</Filter>
    </ClInclude>
    <ClInclude Include="include\shard\parsing\semantic\visiting\DeclarationCollector.h">
      <Filter>Файлы заголовков</Filter>
    </ClInclude>
    <ClInclude Include="include\shard\syntax\nodes\Types\PredefinedTypeSyntax.h">
      <Filter>Файлы заголовков</Filter>
    </ClInclude>
    <ClInclude Include="include\shard\syntax\nodes\Types\ArrayTypeSyntax.h">
      <Filter>Файлы заголовков</Filter>
    </ClInclude>
    <ClInclude Include="include\shard\syntax\nodes\Types\IdentifierNameTypeSyntax.h">
      <Filter>Файлы заголовков</Filter>
    </ClInclude>
    <ClInclude Include="include\shard\syntax\nodes\Types\GenericTypeSyntax.h">
      <Filter>Файлы заголовков</Filter>
    </ClInclude>
    <ClInclude Include="include\shard\syntax\nodes\Types\NullableTypeSyntax.h">
      <Filter>Файлы заголовков</Filter>
    </ClInclude>
    <ClInclude Include="include\shard\syntax\SymbolAccesibility.h">
      <Filter>Файлы заголовков</Filter>
    </ClInclude>
    <ClInclude Include="include\shard\syntax\symbols\TypeSymbol.h">
      <Filter>Файлы заголовков</Filter>
    </ClInclude>
    <ClInclude Include="include\shard\syntax\symbols\MethodSymbol.h">
      <Filter>Файлы заголовков</Filter>
    </ClInclude>
    <ClInclude Include="include\shard\syntax\symbols\FieldSymbol.h">
      <Filter>Файлы заголовков</Filter>
    </ClInclude>
    <ClInclude Include="include\shard\syntax\symbols\ParameterSymbol.h">
      <Filter>Файлы заголовков</Filter>
    </ClInclude>
    <ClInclude Include="include\shard\syntax\symbols\VariableSymbol.h">
      <Filter>Файлы заголовков</Filter>
    </ClInclude>
    <ClInclude Include="include\shard\syntax\symbols\ClassSymbol.h">
      <Filter>Файлы заголовков</Filter>
    </ClInclude>
    <ClInclude Include="include\shard\syntax\SyntaxHelpers.h">
      <Filter>Файлы заголовков</Filter>
    </ClInclude>
    <ClInclude Include="include\shard\syntax\symbols\StructSymbol.h">
      <Filter>Файлы заголовков</Filter>
    </ClInclude>
    <ClInclude Include="include\shard\parsing\semantic\visiting\TypeBinder.h">
      <Filter>Файлы заголовков</Filter>
    </ClInclude>
    <ClInclude Include="include\shard\parsing\LayoutGenerator.h">
      <Filter>Файлы заголовков</Filter>
    </ClInclude>
    <ClInclude Include="include\shard\parsing\semantic\TypeInfo.h">
      <Filter>Файлы заголовков</Filter>
    </ClInclude>
    <ClInclude Include="include\shard\parsing\semantic\SymbolInfo.h">
      <Filter>Файлы заголовков</Filter>
    </ClInclude>
    <ClInclude Include="include\shard\parsing\semantic\visiting\ExpressionBinder.h">
      <Filter>Файлы заголовков</Filter>
    </ClInclude>
    <ClInclude Include="include\shard\syntax\nodes\Statements\ThrowStatementSyntax.h">
      <Filter>Файлы заголовков</Filter>
    </ClInclude>
    <ClInclude Include="include\shard\syntax\nodes\Statements\BreakStatementSyntax.h">
      <Filter>Файлы заголовков</Filter>
    </ClInclude>
    <ClInclude Include="include\shard\syntax\nodes\Statements\ContinueStatementSyntax.h">
      <Filter>Файлы заголовков</Filter>
    </ClInclude>
    <ClInclude Include="include\shard\runtime\framework\FrameworkLoader.h">
      <Filter>Файлы заголовков</Filter>
    </ClInclude>
    <ClInclude Include="include\shard\runtime\AbstractInterpreter.h">
      <Filter>Файлы заголовков</Filter>
    </ClInclude>
    <ClInclude Include="include\shard\runtime\PrimitiveMathModule.h">
      <Filter>Файлы заголовков</Filter>
    </ClInclude>
    <ClInclude Include="include\shard\syntax\nodes\Expressions\CollectionExpressionSyntax.h">
      <Filter>Файлы заголовков</Filter>
    </ClInclude>
    <ClInclude Include="include\shard\syntax\nodes\MemberDeclarations\PropertyDeclarationSyntax.h">
      <Filter>Файлы заголовков</Filter>
    </ClInclude>
    <ClInclude Include="include\shard\syntax\symbols\ArrayTypeSymbol.h">
      <Filter>Файлы заголовков</Filter>
    </ClInclude>
    <ClInclude Include="include\shard\syntax\symbols\PropertySymbol.h">
      <Filter>Файлы заголовков</Filter>
    </ClInclude>
    <ClInclude Include="include\shard\parsing\semantic\visiting\ScopeVisitor.h">
      <Filter>Файлы заголовков</Filter>
    </ClInclude>
    <ClInclude Include="include\shard\syntax\nodes\MemberDeclarations\AccessorDeclarationSyntax.h">
      <Filter>Файлы заголовков</Filter>
    </ClInclude>
    <ClInclude Include="include\shard\syntax\symbols\AccessorSymbol.h">
      <Filter>Файлы заголовков</Filter>
    </ClInclude>
    <ClInclude Include="include\shard\runtime\framework\FrameworkModule.h">
      <Filter>Файлы заголовков</Filter>
    </ClInclude>
    <ClInclude Include="include\shard\parsing\semantic\NamespaceTree.h">
      <Filter>Файлы заголовков</Filter>
    </ClInclude>
    <ClInclude Include="include\shard\syntax\symbols\GenericTypeSymbol.h">
      <Filter>Файлы заголовков</Filter>
    </ClInclude>
    <ClInclude Include="include\shard\syntax\nodes\MemberDeclarations\ConstructorDeclarationSyntax.h">
      <Filter>Файлы заголовков</Filter>
    </ClInclude>
    <ClInclude Include="include\shard\syntax\symbols\TypeParameterSymbol.h">
      <Filter>Файлы заголовков</Filter>
    </ClInclude>
    <ClInclude Include="include\shard\syntax\nodes\Types\DelegateTypeSyntax.h">
      <Filter>Файлы заголовков</Filter>
    </ClInclude>
    <ClInclude Include="include\shard\syntax\nodes\Expressions\LambdaExpressionSyntax.h">
      <Filter>Файлы заголовков</Filter>
    </ClInclude>
    <ClInclude Include="include\shard\syntax\symbols\DelegateTypeSymbol.h">
      <Filter>Файлы заголовков</Filter>
    </ClInclude>
    <ClInclude Include="include\shard\syntax\symbols\LeftDenotationSymbol.h">
      <Filter>Файлы заголовков</Filter>
    </ClInclude>
    <ClInclude Include="include\shard\syntax\nodes\MemberDeclarations\DelegateDeclarationSyntax.h">
      <Filter>Файлы заголовков</Filter>
    </ClInclude>
    <ClInclude Include="include\shard\syntax\nodes\Expressions\TernaryExpressionSyntax.h">
      <Filter>Файлы заголовков</Filter>
    </ClInclude>
    <ClInclude Include="include\shard\Vector.h">
      <Filter>Файлы заголовков</Filter>
    </ClInclude>
    <ClInclude Include="include\shard\syntax\SymbolFactory.h">
      <Filter>Файлы заголовков</Filter>
    </ClInclude>
    <ClInclude Include="include\shard\syntax\symbols\IndexatorSymbol.h">
      <Filter>Файлы заголовков</Filter>
    </ClInclude>
    <ClInclude Include="include\shard\syntax\nodes\TypeParametersListSyntax.h">
      <Filter>Файлы заголовков</Filter>
    </ClInclude>
    <ClInclude Include="include\shard\syntax\nodes\TypeArgumentsListSyntax.h">
      <Filter>Файлы заголовков</Filter>
    </ClInclude>
    <ClInclude Include="include\shard\ShardScriptVersion.h">
      <Filter>Файлы заголовков</Filter>
    </ClInclude>
    <ClInclude Include="include\shard\syntax\symbols\ConstructorSymbol.h">
      <Filter>Файлы заголовков</Filter>
    </ClInclude>
    <ClInclude Include="include\shard\compilation\AbstractEmiter.h">
      <Filter>Файлы заголовков</Filter>
    </ClInclude>
    <ClInclude Include="include\shard\compilation\OperationCode.h">
      <Filter>Файлы заголовков</Filter>
    </ClInclude>
    <ClInclude Include="include\shard\compilation\ProgramVirtualImage.h">
      <Filter>Файлы заголовков</Filter>
    </ClInclude>
    <ClInclude Include="include\shard\runtime\VirtualMachine.h">
      <Filter>Файлы заголовков</Filter>
    </ClInclude>
    <ClInclude Include="include\shard\syntax\symbols\LiteralSymbol.h">
      <Filter>Файлы заголовков</Filter>
    </ClInclude>
    <ClInclude Include="include\shard\runtime\CallStack.h">
      <Filter>Файлы заголовков</Filter>
    </ClInclude>
    <ClInclude Include="include\shard\compilation\ByteCodeGenerator.h">
      <Filter>Файлы заголовков</Filter>
    </ClInclude>
    <ClInclude Include="include\shard\parsing\SourceParser.h">
      <Filter>Файлы заголовков</Filter>
    </ClInclude>
    <ClInclude Include="include\shard\parsing\lexical\reading\SourceTextProvider.h">
      <Filter>Файлы заголовков</Filter>
    </ClInclude>
    <ClInclude Include="include\shard\runtime\EvalStack.h">
      <Filter>Файлы заголовков</Filter>
    </ClInclude>
    <ClInclude Include="include\shard\compilation\ProgramDisassembler.h">
      <Filter>Файлы заголовков</Filter>
    </ClInclude>
  </ItemGroup>
  <ItemGroup>
    <None Include="cpp.hint" />
  </ItemGroup>
</Project>